
Microsoft Visual Studio Solution File, Format Version 12.00
# Visual Studio 15
VisualStudioVersion = 15.0.27130.2027
MinimumVisualStudioVersion = 10.0.40219.1
Project("{9A19103F-16F7-4668-BE54-9A1E7A4F7556}") = "WebApplication1", "WebApplication1\WebApplication1.csproj", "{B52C346E-28BF-430C-8CDA-CBAD570CCD19}"
EndProject
Project("{E53339B2-1760-4266-BCC7-CA923CBCF16C}") = "docker-compose", "docker-compose.dcproj", "{A8237951-7EF6-42A9-9F90-A02754FAFAB7}"
EndProject
Global
	GlobalSection(SolutionConfigurationPlatforms) = preSolution
		Debug|Any CPU = Debug|Any CPU
		Release|Any CPU = Release|Any CPU
	EndGlobalSection
	GlobalSection(ProjectConfigurationPlatforms) = postSolution
		{B52C346E-28BF-430C-8CDA-CBAD570CCD19}.Debug|Any CPU.ActiveCfg = Debug|Any CPU
		{B52C346E-28BF-430C-8CDA-CBAD570CCD19}.Debug|Any CPU.Build.0 = Debug|Any CPU
		{B52C346E-28BF-430C-8CDA-CBAD570CCD19}.Release|Any CPU.ActiveCfg = Release|Any CPU
		{B52C346E-28BF-430C-8CDA-CBAD570CCD19}.Release|Any CPU.Build.0 = Release|Any CPU
		{A8237951-7EF6-42A9-9F90-A02754FAFAB7}.Debug|Any CPU.ActiveCfg = Debug|Any CPU
		{A8237951-7EF6-42A9-9F90-A02754FAFAB7}.Debug|Any CPU.Build.0 = Debug|Any CPU
		{A8237951-7EF6-42A9-9F90-A02754FAFAB7}.Release|Any CPU.ActiveCfg = Release|Any CPU
		{A8237951-7EF6-42A9-9F90-A02754FAFAB7}.Release|Any CPU.Build.0 = Release|Any CPU
	EndGlobalSection
	GlobalSection(SolutionProperties) = preSolution
		HideSolutionNode = FALSE
	EndGlobalSection
	GlobalSection(ExtensibilityGlobals) = postSolution
		SolutionGuid = {8FE726AE-C374-43F9-BDE5-ABD7F3BB18DD}
	EndGlobalSection
EndGlobal
